
Microsoft Visual Studio Solution File, Format Version 12.00
# Visual Studio Version 17
VisualStudioVersion = 17.8.34309.116
MinimumVisualStudioVersion = 10.0.40219.1
Project("{9A19103F-16F7-4668-BE54-9A1E7A4F7556}") = "AdventOfCode2023", "AdventOfCode2023\AdventOfCode2023.csproj", "{5551AF94-62B0-4D32-8A17-50A5CE0380DF}"
EndProject
Project("{9A19103F-16F7-4668-BE54-9A1E7A4F7556}") = "Day1", "Day1\Day1.csproj", "{ACB0F4D9-275B-471B-9FC8-2E2C1739AA37}"
EndProject
Project("{9A19103F-16F7-4668-BE54-9A1E7A4F7556}") = "Day2", "Day2\Day2.csproj", "{7F6D16CE-BFD9-4670-A53E-281425D1824C}"
EndProject
Project("{FAE04EC0-301F-11D3-BF4B-00C04F79EFBC}") = "Day3", "Day3\Day3.csproj", "{43E3EA70-ABF8-4A50-BFD0-3BE53D029480}"
EndProject
Global
	GlobalSection(SolutionConfigurationPlatforms) = preSolution
		Debug|Any CPU = Debug|Any CPU
		Release|Any CPU = Release|Any CPU
	EndGlobalSection
	GlobalSection(ProjectConfigurationPlatforms) = postSolution
		{5551AF94-62B0-4D32-8A17-50A5CE0380DF}.Debug|Any CPU.ActiveCfg = Debug|Any CPU
		{5551AF94-62B0-4D32-8A17-50A5CE0380DF}.Debug|Any CPU.Build.0 = Debug|Any CPU
		{5551AF94-62B0-4D32-8A17-50A5CE0380DF}.Release|Any CPU.ActiveCfg = Release|Any CPU
		{5551AF94-62B0-4D32-8A17-50A5CE0380DF}.Release|Any CPU.Build.0 = Release|Any CPU
		{ACB0F4D9-275B-471B-9FC8-2E2C1739AA37}.Debug|Any CPU.ActiveCfg = Debug|Any CPU
		{ACB0F4D9-275B-471B-9FC8-2E2C1739AA37}.Debug|Any CPU.Build.0 = Debug|Any CPU
		{ACB0F4D9-275B-471B-9FC8-2E2C1739AA37}.Release|Any CPU.ActiveCfg = Release|Any CPU
		{ACB0F4D9-275B-471B-9FC8-2E2C1739AA37}.Release|Any CPU.Build.0 = Release|Any CPU
		{7F6D16CE-BFD9-4670-A53E-281425D1824C}.Debug|Any CPU.ActiveCfg = Debug|Any CPU
		{7F6D16CE-BFD9-4670-A53E-281425D1824C}.Debug|Any CPU.Build.0 = Debug|Any CPU
		{7F6D16CE-BFD9-4670-A53E-281425D1824C}.Release|Any CPU.ActiveCfg = Release|Any CPU
		{7F6D16CE-BFD9-4670-A53E-281425D1824C}.Release|Any CPU.Build.0 = Release|Any CPU
		{43E3EA70-ABF8-4A50-BFD0-3BE53D029480}.Debug|Any CPU.ActiveCfg = Debug|Any CPU
		{43E3EA70-ABF8-4A50-BFD0-3BE53D029480}.Debug|Any CPU.Build.0 = Debug|Any CPU
		{43E3EA70-ABF8-4A50-BFD0-3BE53D029480}.Release|Any CPU.ActiveCfg = Release|Any CPU
		{43E3EA70-ABF8-4A50-BFD0-3BE53D029480}.Release|Any CPU.Build.0 = Release|Any CPU
	EndGlobalSection
	GlobalSection(SolutionProperties) = preSolution
		HideSolutionNode = FALSE
	EndGlobalSection
	GlobalSection(ExtensibilityGlobals) = postSolution
		SolutionGuid = {DF1C890F-F520-4B2F-A9A1-DB37A51D58AB}
	EndGlobalSection
EndGlobal
